
Microsoft Visual Studio Solution File, Format Version 12.00
# Visual Studio 2013
VisualStudioVersion = 12.0.0.0
MinimumVisualStudioVersion = 10.0.0.1
Project("{8BB2217D-0F2D-49D1-97BC-3654ED321F3B}") = "AzPerf.CLI", "AzPerf.CLI/AzPerf.CLI.xproj", "{29A1D046-7D82-4BF2-9200-2B90B64A46A7}"
EndProject
Project("{8BB2217D-0F2D-49D1-97BC-3654ED321F3B}") = "AzPerf.Storage", "AzPerf.Storage\AzPerf.Storage.xproj", "{BFD394AE-736C-4539-B4A4-3DA1D8657BA9}"
EndProject
Global
	GlobalSection(SolutionConfigurationPlatforms) = preSolution
		Debug|Any CPU = Debug|Any CPU
		Release|Any CPU = Release|Any CPU
	EndGlobalSection
	GlobalSection(ProjectConfigurationPlatforms) = postSolution
		{29A1D046-7D82-4BF2-9200-2B90B64A46A7}.Debug|Any CPU.ActiveCfg = Debug|Any CPU
		{29A1D046-7D82-4BF2-9200-2B90B64A46A7}.Debug|Any CPU.Build.0 = Debug|Any CPU
		{29A1D046-7D82-4BF2-9200-2B90B64A46A7}.Release|Any CPU.ActiveCfg = Release|Any CPU
		{29A1D046-7D82-4BF2-9200-2B90B64A46A7}.Release|Any CPU.Build.0 = Release|Any CPU
		{BFD394AE-736C-4539-B4A4-3DA1D8657BA9}.Debug|Any CPU.ActiveCfg = Debug|Any CPU
		{BFD394AE-736C-4539-B4A4-3DA1D8657BA9}.Debug|Any CPU.Build.0 = Debug|Any CPU
		{BFD394AE-736C-4539-B4A4-3DA1D8657BA9}.Release|Any CPU.ActiveCfg = Release|Any CPU
		{BFD394AE-736C-4539-B4A4-3DA1D8657BA9}.Release|Any CPU.Build.0 = Release|Any CPU
	EndGlobalSection
	GlobalSection(SolutionProperties) = preSolution
		HideSolutionNode = FALSE
	EndGlobalSection
EndGlobal
